
Microsoft Visual Studio Solution File, Format Version 12.00
# Visual Studio 14
VisualStudioVersion = 14.0.25420.1
MinimumVisualStudioVersion = 10.0.40219.1
Project("{8BC9CEB8-8B4A-11D0-8D11-00A0C91BC942}") = "G2O_DotNet_LoaderCLI", "G2O_DotNet_LoaderCLI\G2O_DotNet_LoaderCLI.vcxproj", "{48A6B4E1-DD91-4B3C-9F67-7604661C5D00}"
EndProject
Project("{2150E333-8FDC-42A3-9474-1A3956D46DE8}") = "Loader", "Loader", "{422A5E3F-BAC7-4A5B-904E-FFA1E64E74F4}"
EndProject
Project("{8BC9CEB8-8B4A-11D0-8D11-00A0C91BC942}") = "G2O_DotNet_LoaderMono", "G2O_DotNet_LoaderMono\G2O_DotNet_LoaderMono.vcxproj", "{7273799D-F145-49BF-964D-38395E8EF154}"
EndProject
Project("{2150E333-8FDC-42A3-9474-1A3956D46DE8}") = "Framework", "Framework", "{BA7CCF80-498E-4EB2-94BE-44EBA64928E9}"
EndProject
Project("{FAE04EC0-301F-11D3-BF4B-00C04F79EFBC}") = "G2O.DotNet.Loader", "G2O_DotNet\G2O.DotNet.Loader.csproj", "{3E62A4E0-7A83-45DE-814D-1FEB9D16D92A}"
EndProject
Project("{2150E333-8FDC-42A3-9474-1A3956D46DE8}") = "Enviroment", "Enviroment", "{1276E019-B316-4334-B7E9-122DAA6ED50D}"
EndProject
Project("{2150E333-8FDC-42A3-9474-1A3956D46DE8}") = "Components", "Components", "{49DE20A8-899A-4872-8B94-3532D667C687}"
EndProject
Project("{FAE04EC0-301F-11D3-BF4B-00C04F79EFBC}") = "G2O.DotNet.Squirrel", "G2O.DotNet.Framework.Squirrel\G2O.DotNet.Squirrel.csproj", "{887C33BF-16F8-4CB0-B093-373A8D150B3D}"
EndProject
Project("{FAE04EC0-301F-11D3-BF4B-00C04F79EFBC}") = "G2O.DotNet.ServerApi", "G2O.DotNet.Framework.ServerApi\G2O.DotNet.ServerApi.csproj", "{EBC933C1-6244-44BD-8B51-B572CA157E94}"
EndProject
Project("{FAE04EC0-301F-11D3-BF4B-00C04F79EFBC}") = "G2O.DotNet.Plugin", "GothicOnline.G2.DotNet.Framework.Plugin\G2O.DotNet.Plugin.csproj", "{CC607F62-31EE-42E7-9704-C4CB42CF17A3}"
EndProject
Project("{2150E333-8FDC-42A3-9474-1A3956D46DE8}") = "Plugins", "Plugins", "{09BC2330-2CF5-4C80-B28E-ABC4262210D0}"
EndProject
Project("{FAE04EC0-301F-11D3-BF4B-00C04F79EFBC}") = "G2OColony.DemoPlugin", "G2OColony.DemoPlugin\G2OColony.DemoPlugin.csproj", "{90354D19-4DA4-4B6C-9AA1-1112DA1D8D2F}"
EndProject
Project("{FAE04EC0-301F-11D3-BF4B-00C04F79EFBC}") = "G2O.DotNet.ServerApi.Squirrel", "G2O.DotNet.ServerApi.Squirrel\G2O.DotNet.ServerApi.Squirrel.csproj", "{18BFB3E3-029D-4FE3-83D2-1FEE08DF7DBE}"
EndProject
Global
	GlobalSection(SolutionConfigurationPlatforms) = preSolution
		Debug|Any CPU = Debug|Any CPU
		Debug|x64 = Debug|x64
		Debug|x86 = Debug|x86
		Release|Any CPU = Release|Any CPU
		Release|x64 = Release|x64
		Release|x86 = Release|x86
	EndGlobalSection
	GlobalSection(ProjectConfigurationPlatforms) = postSolution
		{48A6B4E1-DD91-4B3C-9F67-7604661C5D00}.Debug|Any CPU.ActiveCfg = Debug|Win32
		{48A6B4E1-DD91-4B3C-9F67-7604661C5D00}.Debug|x64.ActiveCfg = Debug|x64
		{48A6B4E1-DD91-4B3C-9F67-7604661C5D00}.Debug|x64.Build.0 = Debug|x64
		{48A6B4E1-DD91-4B3C-9F67-7604661C5D00}.Debug|x86.ActiveCfg = Debug|Win32
		{48A6B4E1-DD91-4B3C-9F67-7604661C5D00}.Debug|x86.Build.0 = Debug|Win32
		{48A6B4E1-DD91-4B3C-9F67-7604661C5D00}.Release|Any CPU.ActiveCfg = Release|Win32
		{48A6B4E1-DD91-4B3C-9F67-7604661C5D00}.Release|x64.ActiveCfg = Release|x64
		{48A6B4E1-DD91-4B3C-9F67-7604661C5D00}.Release|x64.Build.0 = Release|x64
		{48A6B4E1-DD91-4B3C-9F67-7604661C5D00}.Release|x86.ActiveCfg = Release|Win32
		{48A6B4E1-DD91-4B3C-9F67-7604661C5D00}.Release|x86.Build.0 = Release|Win32
		{7273799D-F145-49BF-964D-38395E8EF154}.Debug|Any CPU.ActiveCfg = Debug|Win32
		{7273799D-F145-49BF-964D-38395E8EF154}.Debug|x64.ActiveCfg = Debug|x64
		{7273799D-F145-49BF-964D-38395E8EF154}.Debug|x64.Build.0 = Debug|x64
		{7273799D-F145-49BF-964D-38395E8EF154}.Debug|x86.ActiveCfg = Debug|Win32
		{7273799D-F145-49BF-964D-38395E8EF154}.Debug|x86.Build.0 = Debug|Win32
		{7273799D-F145-49BF-964D-38395E8EF154}.Release|Any CPU.ActiveCfg = Release|Win32
		{7273799D-F145-49BF-964D-38395E8EF154}.Release|x64.ActiveCfg = Release|x64
		{7273799D-F145-49BF-964D-38395E8EF154}.Release|x64.Build.0 = Release|x64
		{7273799D-F145-49BF-964D-38395E8EF154}.Release|x86.ActiveCfg = Release|Win32
		{7273799D-F145-49BF-964D-38395E8EF154}.Release|x86.Build.0 = Release|Win32
		{3E62A4E0-7A83-45DE-814D-1FEB9D16D92A}.Debug|Any CPU.ActiveCfg = Debug|Any CPU
		{3E62A4E0-7A83-45DE-814D-1FEB9D16D92A}.Debug|Any CPU.Build.0 = Debug|Any CPU
		{3E62A4E0-7A83-45DE-814D-1FEB9D16D92A}.Debug|x64.ActiveCfg = Debug|Any CPU
		{3E62A4E0-7A83-45DE-814D-1FEB9D16D92A}.Debug|x64.Build.0 = Debug|Any CPU
		{3E62A4E0-7A83-45DE-814D-1FEB9D16D92A}.Debug|x86.ActiveCfg = Debug|Any CPU
		{3E62A4E0-7A83-45DE-814D-1FEB9D16D92A}.Debug|x86.Build.0 = Debug|Any CPU
		{3E62A4E0-7A83-45DE-814D-1FEB9D16D92A}.Release|Any CPU.ActiveCfg = Release|Any CPU
		{3E62A4E0-7A83-45DE-814D-1FEB9D16D92A}.Release|Any CPU.Build.0 = Release|Any CPU
		{3E62A4E0-7A83-45DE-814D-1FEB9D16D92A}.Release|x64.ActiveCfg = Release|Any CPU
		{3E62A4E0-7A83-45DE-814D-1FEB9D16D92A}.Release|x64.Build.0 = Release|Any CPU
		{3E62A4E0-7A83-45DE-814D-1FEB9D16D92A}.Release|x86.ActiveCfg = Release|Any CPU
		{3E62A4E0-7A83-45DE-814D-1FEB9D16D92A}.Release|x86.Build.0 = Release|Any CPU
		{887C33BF-16F8-4CB0-B093-373A8D150B3D}.Debug|Any CPU.ActiveCfg = Debug|Any CPU
		{887C33BF-16F8-4CB0-B093-373A8D150B3D}.Debug|Any CPU.Build.0 = Debug|Any CPU
		{887C33BF-16F8-4CB0-B093-373A8D150B3D}.Debug|x64.ActiveCfg = Debug|Any CPU
		{887C33BF-16F8-4CB0-B093-373A8D150B3D}.Debug|x64.Build.0 = Debug|Any CPU
		{887C33BF-16F8-4CB0-B093-373A8D150B3D}.Debug|x86.ActiveCfg = Debug|Any CPU
		{887C33BF-16F8-4CB0-B093-373A8D150B3D}.Debug|x86.Build.0 = Debug|Any CPU
		{887C33BF-16F8-4CB0-B093-373A8D150B3D}.Release|Any CPU.ActiveCfg = Release|Any CPU
		{887C33BF-16F8-4CB0-B093-373A8D150B3D}.Release|Any CPU.Build.0 = Release|Any CPU
		{887C33BF-16F8-4CB0-B093-373A8D150B3D}.Release|x64.ActiveCfg = Release|Any CPU
		{887C33BF-16F8-4CB0-B093-373A8D150B3D}.Release|x64.Build.0 = Release|Any CPU
		{887C33BF-16F8-4CB0-B093-373A8D150B3D}.Release|x86.ActiveCfg = Release|Any CPU
		{887C33BF-16F8-4CB0-B093-373A8D150B3D}.Release|x86.Build.0 = Release|Any CPU
		{EBC933C1-6244-44BD-8B51-B572CA157E94}.Debug|Any CPU.ActiveCfg = Debug|Any CPU
		{EBC933C1-6244-44BD-8B51-B572CA157E94}.Debug|Any CPU.Build.0 = Debug|Any CPU
		{EBC933C1-6244-44BD-8B51-B572CA157E94}.Debug|x64.ActiveCfg = Debug|Any CPU
		{EBC933C1-6244-44BD-8B51-B572CA157E94}.Debug|x64.Build.0 = Debug|Any CPU
		{EBC933C1-6244-44BD-8B51-B572CA157E94}.Debug|x86.ActiveCfg = Debug|Any CPU
		{EBC933C1-6244-44BD-8B51-B572CA157E94}.Debug|x86.Build.0 = Debug|Any CPU
		{EBC933C1-6244-44BD-8B51-B572CA157E94}.Release|Any CPU.ActiveCfg = Release|Any CPU
		{EBC933C1-6244-44BD-8B51-B572CA157E94}.Release|Any CPU.Build.0 = Release|Any CPU
		{EBC933C1-6244-44BD-8B51-B572CA157E94}.Release|x64.ActiveCfg = Release|Any CPU
		{EBC933C1-6244-44BD-8B51-B572CA157E94}.Release|x64.Build.0 = Release|Any CPU
		{EBC933C1-6244-44BD-8B51-B572CA157E94}.Release|x86.ActiveCfg = Release|Any CPU
		{EBC933C1-6244-44BD-8B51-B572CA157E94}.Release|x86.Build.0 = Release|Any CPU
		{CC607F62-31EE-42E7-9704-C4CB42CF17A3}.Debug|Any CPU.ActiveCfg = Debug|Any CPU
		{CC607F62-31EE-42E7-9704-C4CB42CF17A3}.Debug|Any CPU.Build.0 = Debug|Any CPU
		{CC607F62-31EE-42E7-9704-C4CB42CF17A3}.Debug|x64.ActiveCfg = Debug|Any CPU
		{CC607F62-31EE-42E7-9704-C4CB42CF17A3}.Debug|x64.Build.0 = Debug|Any CPU
		{CC607F62-31EE-42E7-9704-C4CB42CF17A3}.Debug|x86.ActiveCfg = Debug|Any CPU
		{CC607F62-31EE-42E7-9704-C4CB42CF17A3}.Debug|x86.Build.0 = Debug|Any CPU
		{CC607F62-31EE-42E7-9704-C4CB42CF17A3}.Release|Any CPU.ActiveCfg = Release|Any CPU
		{CC607F62-31EE-42E7-9704-C4CB42CF17A3}.Release|Any CPU.Build.0 = Release|Any CPU
		{CC607F62-31EE-42E7-9704-C4CB42CF17A3}.Release|x64.ActiveCfg = Release|Any CPU
		{CC607F62-31EE-42E7-9704-C4CB42CF17A3}.Release|x64.Build.0 = Release|Any CPU
		{CC607F62-31EE-42E7-9704-C4CB42CF17A3}.Release|x86.ActiveCfg = Release|Any CPU
		{CC607F62-31EE-42E7-9704-C4CB42CF17A3}.Release|x86.Build.0 = Release|Any CPU
		{90354D19-4DA4-4B6C-9AA1-1112DA1D8D2F}.Debug|Any CPU.ActiveCfg = Debug|Any CPU
		{90354D19-4DA4-4B6C-9AA1-1112DA1D8D2F}.Debug|Any CPU.Build.0 = Debug|Any CPU
		{90354D19-4DA4-4B6C-9AA1-1112DA1D8D2F}.Debug|x64.ActiveCfg = Debug|Any CPU
		{90354D19-4DA4-4B6C-9AA1-1112DA1D8D2F}.Debug|x64.Build.0 = Debug|Any CPU
		{90354D19-4DA4-4B6C-9AA1-1112DA1D8D2F}.Debug|x86.ActiveCfg = Debug|Any CPU
		{90354D19-4DA4-4B6C-9AA1-1112DA1D8D2F}.Debug|x86.Build.0 = Debug|Any CPU
		{90354D19-4DA4-4B6C-9AA1-1112DA1D8D2F}.Release|Any CPU.ActiveCfg = Release|Any CPU
		{90354D19-4DA4-4B6C-9AA1-1112DA1D8D2F}.Release|Any CPU.Build.0 = Release|Any CPU
		{90354D19-4DA4-4B6C-9AA1-1112DA1D8D2F}.Release|x64.ActiveCfg = Release|Any CPU
		{90354D19-4DA4-4B6C-9AA1-1112DA1D8D2F}.Release|x64.Build.0 = Release|Any CPU
		{90354D19-4DA4-4B6C-9AA1-1112DA1D8D2F}.Release|x86.ActiveCfg = Release|Any CPU
		{90354D19-4DA4-4B6C-9AA1-1112DA1D8D2F}.Release|x86.Build.0 = Release|Any CPU
		{18BFB3E3-029D-4FE3-83D2-1FEE08DF7DBE}.Debug|Any CPU.ActiveCfg = Debug|Any CPU
		{18BFB3E3-029D-4FE3-83D2-1FEE08DF7DBE}.Debug|Any CPU.Build.0 = Debug|Any CPU
		{18BFB3E3-029D-4FE3-83D2-1FEE08DF7DBE}.Debug|x64.ActiveCfg = Debug|Any CPU
		{18BFB3E3-029D-4FE3-83D2-1FEE08DF7DBE}.Debug|x64.Build.0 = Debug|Any CPU
		{18BFB3E3-029D-4FE3-83D2-1FEE08DF7DBE}.Debug|x86.ActiveCfg = Debug|Any CPU
		{18BFB3E3-029D-4FE3-83D2-1FEE08DF7DBE}.Debug|x86.Build.0 = Debug|Any CPU
		{18BFB3E3-029D-4FE3-83D2-1FEE08DF7DBE}.Release|Any CPU.ActiveCfg = Release|Any CPU
		{18BFB3E3-029D-4FE3-83D2-1FEE08DF7DBE}.Release|Any CPU.Build.0 = Release|Any CPU
		{18BFB3E3-029D-4FE3-83D2-1FEE08DF7DBE}.Release|x64.ActiveCfg = Release|Any CPU
		{18BFB3E3-029D-4FE3-83D2-1FEE08DF7DBE}.Release|x64.Build.0 = Release|Any CPU
		{18BFB3E3-029D-4FE3-83D2-1FEE08DF7DBE}.Release|x86.ActiveCfg = Release|Any CPU
		{18BFB3E3-029D-4FE3-83D2-1FEE08DF7DBE}.Release|x86.Build.0 = Release|Any CPU
	EndGlobalSection
	GlobalSection(SolutionProperties) = preSolution
		HideSolutionNode = FALSE
	EndGlobalSection
	GlobalSection(NestedProjects) = preSolution
		{48A6B4E1-DD91-4B3C-9F67-7604661C5D00} = {422A5E3F-BAC7-4A5B-904E-FFA1E64E74F4}
		{7273799D-F145-49BF-964D-38395E8EF154} = {422A5E3F-BAC7-4A5B-904E-FFA1E64E74F4}
		{3E62A4E0-7A83-45DE-814D-1FEB9D16D92A} = {BA7CCF80-498E-4EB2-94BE-44EBA64928E9}
		{49DE20A8-899A-4872-8B94-3532D667C687} = {BA7CCF80-498E-4EB2-94BE-44EBA64928E9}
		{887C33BF-16F8-4CB0-B093-373A8D150B3D} = {49DE20A8-899A-4872-8B94-3532D667C687}
		{EBC933C1-6244-44BD-8B51-B572CA157E94} = {49DE20A8-899A-4872-8B94-3532D667C687}
		{CC607F62-31EE-42E7-9704-C4CB42CF17A3} = {49DE20A8-899A-4872-8B94-3532D667C687}
		{90354D19-4DA4-4B6C-9AA1-1112DA1D8D2F} = {09BC2330-2CF5-4C80-B28E-ABC4262210D0}
		{18BFB3E3-029D-4FE3-83D2-1FEE08DF7DBE} = {49DE20A8-899A-4872-8B94-3532D667C687}
	EndGlobalSection
EndGlobal
